
Microsoft Visual Studio Solution File, Format Version 12.00
# Visual Studio 14
VisualStudioVersion = 14.0.25420.1
MinimumVisualStudioVersion = 10.0.40219.1
Project("{159641D6-6404-4A2A-AE62-294DE0FE8301}") = "OneServe_SSIS", "OneServe_SSIS\OneServe_SSIS.dtproj", "{381EBF55-0F00-453E-BE66-498E6C322B6D}"
EndProject
Global
	GlobalSection(SolutionConfigurationPlatforms) = preSolution
		Development|Default = Development|Default
	EndGlobalSection
	GlobalSection(ProjectConfigurationPlatforms) = postSolution
		{381EBF55-0F00-453E-BE66-498E6C322B6D}.Development|Default.ActiveCfg = Development
		{381EBF55-0F00-453E-BE66-498E6C322B6D}.Development|Default.Build.0 = Development
		{381EBF55-0F00-453E-BE66-498E6C322B6D}.Development|Default.Deploy.0 = Development
	EndGlobalSection
	GlobalSection(SolutionProperties) = preSolution
		HideSolutionNode = FALSE
	EndGlobalSection
EndGlobal
