
Microsoft Visual Studio Solution File, Format Version 12.00
# Visual Studio 14
VisualStudioVersion = 14.0.25420.1
MinimumVisualStudioVersion = 10.0.40219.1
Project("{159641D6-6404-4A2A-AE62-294DE0FE8301}") = "HIVE-ExportData", "HIVE-ExportData\HIVE-ExportData.dtproj", "{288EC940-5110-4077-A3F3-FDC837F6EFB7}"
EndProject
Global
	GlobalSection(SolutionConfigurationPlatforms) = preSolution
		Development|Default = Development|Default
	EndGlobalSection
	GlobalSection(ProjectConfigurationPlatforms) = postSolution
		{288EC940-5110-4077-A3F3-FDC837F6EFB7}.Development|Default.ActiveCfg = Development
		{288EC940-5110-4077-A3F3-FDC837F6EFB7}.Development|Default.Build.0 = Development
	EndGlobalSection
	GlobalSection(SolutionProperties) = preSolution
		HideSolutionNode = FALSE
	EndGlobalSection
EndGlobal
