
Microsoft Visual Studio Solution File, Format Version 10.00
# Visual Studio 2008
Project("{D183A3D8-5FD8-494B-B014-37F57B35E655}") = "OneServe_Contacts_All", "OneServe_Contacts_All.dtproj", "{EFC6F0E0-7720-47AE-A699-F684A1C822F1}"
EndProject
Global
	GlobalSection(SolutionConfigurationPlatforms) = preSolution
		Development|Default = Development|Default
	EndGlobalSection
	GlobalSection(ProjectConfigurationPlatforms) = postSolution
		{EFC6F0E0-7720-47AE-A699-F684A1C822F1}.Development|Default.ActiveCfg = Development
		{EFC6F0E0-7720-47AE-A699-F684A1C822F1}.Development|Default.Build.0 = Development
	EndGlobalSection
	GlobalSection(SolutionProperties) = preSolution
		HideSolutionNode = FALSE
	EndGlobalSection
EndGlobal
